
Microsoft Visual Studio Solution File, Format Version 12.00
# Visual Studio Version 17
VisualStudioVersion = 17.9.34723.18
MinimumVisualStudioVersion = 10.0.40219.1
Project("{2150E333-8FDC-42A3-9474-1A3956D46DE8}") = "Services", "Services", "{D26A94B2-59ED-44AF-BAFA-2C36ED36DFEA}"
EndProject
Project("{2150E333-8FDC-42A3-9474-1A3956D46DE8}") = "Catalog", "Catalog", "{9CD02667-BC61-4760-BA0D-39A625EDF8C2}"
EndProject
Project("{9A19103F-16F7-4668-BE54-9A1E7A4F7556}") = "Catalog.API", "Services\Catalog\Catalog.API\Catalog.API.csproj", "{2F0A67B5-7BDE-4E23-AB99-1A2E65128236}"
EndProject
Project("{E53339B2-1760-4266-BCC7-CA923CBCF16C}") = "docker-compose", "docker-compose.dcproj", "{88F45E68-9C41-4C8E-8E51-FD79230B9547}"
EndProject
Global
	GlobalSection(SolutionConfigurationPlatforms) = preSolution
		Debug|Any CPU = Debug|Any CPU
		Release|Any CPU = Release|Any CPU
	EndGlobalSection
	GlobalSection(ProjectConfigurationPlatforms) = postSolution
		{2F0A67B5-7BDE-4E23-AB99-1A2E65128236}.Debug|Any CPU.ActiveCfg = Debug|Any CPU
		{2F0A67B5-7BDE-4E23-AB99-1A2E65128236}.Debug|Any CPU.Build.0 = Debug|Any CPU
		{2F0A67B5-7BDE-4E23-AB99-1A2E65128236}.Release|Any CPU.ActiveCfg = Release|Any CPU
		{2F0A67B5-7BDE-4E23-AB99-1A2E65128236}.Release|Any CPU.Build.0 = Release|Any CPU
		{88F45E68-9C41-4C8E-8E51-FD79230B9547}.Debug|Any CPU.ActiveCfg = Debug|Any CPU
		{88F45E68-9C41-4C8E-8E51-FD79230B9547}.Debug|Any CPU.Build.0 = Debug|Any CPU
		{88F45E68-9C41-4C8E-8E51-FD79230B9547}.Release|Any CPU.ActiveCfg = Release|Any CPU
		{88F45E68-9C41-4C8E-8E51-FD79230B9547}.Release|Any CPU.Build.0 = Release|Any CPU
	EndGlobalSection
	GlobalSection(SolutionProperties) = preSolution
		HideSolutionNode = FALSE
	EndGlobalSection
	GlobalSection(NestedProjects) = preSolution
		{9CD02667-BC61-4760-BA0D-39A625EDF8C2} = {D26A94B2-59ED-44AF-BAFA-2C36ED36DFEA}
		{2F0A67B5-7BDE-4E23-AB99-1A2E65128236} = {9CD02667-BC61-4760-BA0D-39A625EDF8C2}
	EndGlobalSection
	GlobalSection(ExtensibilityGlobals) = postSolution
		SolutionGuid = {07A9DBE8-BF7A-4DA5-8E2B-0586E8152CC5}
	EndGlobalSection
EndGlobal
